
Microsoft Visual Studio Solution File, Format Version 12.00
# Visual Studio Version 17
VisualStudioVersion = 17.7.34031.279
MinimumVisualStudioVersion = 10.0.40219.1
Project("{FAE04EC0-301F-11D3-BF4B-00C04F79EFBC}") = "ZadanieRekrutacyjneWebApi", "ZadanieRekrutacyjneWebApi\ZadanieRekrutacyjneWebApi.csproj", "{5C8E0DC0-B259-426F-9D3F-4F2E70AC5F0C}"
EndProject
Global
	GlobalSection(SolutionConfigurationPlatforms) = preSolution
		Debug|Any CPU = Debug|Any CPU
		Release|Any CPU = Release|Any CPU
	EndGlobalSection
	GlobalSection(ProjectConfigurationPlatforms) = postSolution
		{5C8E0DC0-B259-426F-9D3F-4F2E70AC5F0C}.Debug|Any CPU.ActiveCfg = Debug|Any CPU
		{5C8E0DC0-B259-426F-9D3F-4F2E70AC5F0C}.Debug|Any CPU.Build.0 = Debug|Any CPU
		{5C8E0DC0-B259-426F-9D3F-4F2E70AC5F0C}.Release|Any CPU.ActiveCfg = Release|Any CPU
		{5C8E0DC0-B259-426F-9D3F-4F2E70AC5F0C}.Release|Any CPU.Build.0 = Release|Any CPU
	EndGlobalSection
	GlobalSection(SolutionProperties) = preSolution
		HideSolutionNode = FALSE
	EndGlobalSection
	GlobalSection(ExtensibilityGlobals) = postSolution
		SolutionGuid = {93C2166B-73A7-41F9-9372-909021057ECF}
	EndGlobalSection
EndGlobal
